// !$*UTF8*$!
{
	archiveVersion = 1;
	classes = {
	};
	objectVersion = 56;
	objects = {

/* Begin PBXBuildFile section */
		D466FD492AC258A400138D08 /* AppDelegate.swift in Sources */ = {isa = PBXBuildFile; fileRef = D466FD482AC258A400138D08 /* AppDelegate.swift */; };
		D466FD4B2AC258A400138D08 /* SceneDelegate.swift in Sources */ = {isa = PBXBuildFile; fileRef = D466FD4A2AC258A400138D08 /* SceneDelegate.swift */; };
		D466FD4D2AC258A400138D08 /* OnboardingViewController.swift in Sources */ = {isa = PBXBuildFile; fileRef = D466FD4C2AC258A400138D08 /* OnboardingViewController.swift */; };
		D466FD522AC258A500138D08 /* Assets.xcassets in Resources */ = {isa = PBXBuildFile; fileRef = D466FD512AC258A500138D08 /* Assets.xcassets */; };
		D466FD552AC258A500138D08 /* LaunchScreen.storyboard in Resources */ = {isa = PBXBuildFile; fileRef = D466FD532AC258A500138D08 /* LaunchScreen.storyboard */; };
		D466FD5F2AC25C2100138D08 /* UIColor+Extensions.swift in Sources */ = {isa = PBXBuildFile; fileRef = D466FD5E2AC25C2100138D08 /* UIColor+Extensions.swift */; };
		D466FD652AC262C200138D08 /* SF-Pro-Display-Light.otf in Resources */ = {isa = PBXBuildFile; fileRef = D466FD642AC262B700138D08 /* SF-Pro-Display-Light.otf */; };
		D466FD662AC262C400138D08 /* SF-Pro-Display-Bold.otf in Resources */ = {isa = PBXBuildFile; fileRef = D466FD622AC262A200138D08 /* SF-Pro-Display-Bold.otf */; };
		D466FD672AC262C600138D08 /* SF-Pro-Display-Regular.otf in Resources */ = {isa = PBXBuildFile; fileRef = D466FD632AC262A200138D08 /* SF-Pro-Display-Regular.otf */; };
		D466FD692AC262E000138D08 /* UIFont+Extensions.swift in Sources */ = {isa = PBXBuildFile; fileRef = D466FD682AC262E000138D08 /* UIFont+Extensions.swift */; };
		D466FD6C2AC2670B00138D08 /* ViewCode.swift in Sources */ = {isa = PBXBuildFile; fileRef = D466FD6B2AC2670B00138D08 /* ViewCode.swift */; };
		D466FD6F2AC269E700138D08 /* OnboardingView.swift in Sources */ = {isa = PBXBuildFile; fileRef = D466FD6E2AC269E700138D08 /* OnboardingView.swift */; };
		D466FD712AC26A6F00138D08 /* UIImage+Extensions.swift in Sources */ = {isa = PBXBuildFile; fileRef = D466FD702AC26A6F00138D08 /* UIImage+Extensions.swift */; };
		D466FD742AC26DD000138D08 /* CustomButton.swift in Sources */ = {isa = PBXBuildFile; fileRef = D466FD732AC26DD000138D08 /* CustomButton.swift */; };
		D466FD762AC2704D00138D08 /* UIStackView+Extensions.swift in Sources */ = {isa = PBXBuildFile; fileRef = D466FD752AC2704D00138D08 /* UIStackView+Extensions.swift */; };
		D487F7FE2AC2961200FBEAAE /* CharacterCell.swift in Sources */ = {isa = PBXBuildFile; fileRef = D487F7FD2AC2961200FBEAAE /* CharacterCell.swift */; };
		D4D245342AC5D228000628AF /* CharacterListView.swift in Sources */ = {isa = PBXBuildFile; fileRef = D4D245332AC5D228000628AF /* CharacterListView.swift */; };
		D4D245362AC5D753000628AF /* Character.swift in Sources */ = {isa = PBXBuildFile; fileRef = D4D245352AC5D753000628AF /* Character.swift */; };
		D4D245382AC5DA5B000628AF /* CharacterListViewController.swift in Sources */ = {isa = PBXBuildFile; fileRef = D4D245372AC5DA5B000628AF /* CharacterListViewController.swift */; };
		D4D2453D2AC73C29000628AF /* CharacterDetailsViewController.swift in Sources */ = {isa = PBXBuildFile; fileRef = D4D2453C2AC73C29000628AF /* CharacterDetailsViewController.swift */; };
		D4D2453F2AD5BB05000628AF /* CharacterDetailsView.swift in Sources */ = {isa = PBXBuildFile; fileRef = D4D2453E2AD5BB05000628AF /* CharacterDetailsView.swift */; };
		D4D245412AD5D484000628AF /* BackButton.swift in Sources */ = {isa = PBXBuildFile; fileRef = D4D245402AD5D484000628AF /* BackButton.swift */; };
		D4D245442AD71DC2000628AF /* AboutCell.swift in Sources */ = {isa = PBXBuildFile; fileRef = D4D245432AD71DC2000628AF /* AboutCell.swift */; };
		D4D245462AD71FAF000628AF /* CharacterAbout.swift in Sources */ = {isa = PBXBuildFile; fileRef = D4D245452AD71FAF000628AF /* CharacterAbout.swift */; };
		D4D245482AD7214C000628AF /* CharacterSection.swift in Sources */ = {isa = PBXBuildFile; fileRef = D4D245472AD7214C000628AF /* CharacterSection.swift */; };
/* End PBXBuildFile section */

/* Begin PBXFileReference section */
		D466FD452AC258A400138D08 /* rick-and-morty-characters.app */ = {isa = PBXFileReference; explicitFileType = wrapper.application; includeInIndex = 0; path = "rick-and-morty-characters.app"; sourceTree = BUILT_PRODUCTS_DIR; };
		D466FD482AC258A400138D08 /* AppDelegate.swift */ = {isa = PBXFileReference; lastKnownFileType = sourcecode.swift; path = AppDelegate.swift; sourceTree = "<group>"; };
		D466FD4A2AC258A400138D08 /* SceneDelegate.swift */ = {isa = PBXFileReference; lastKnownFileType = sourcecode.swift; path = SceneDelegate.swift; sourceTree = "<group>"; };
		D466FD4C2AC258A400138D08 /* OnboardingViewController.swift */ = {isa = PBXFileReference; lastKnownFileType = sourcecode.swift; path = OnboardingViewController.swift; sourceTree = "<group>"; };
		D466FD512AC258A500138D08 /* Assets.xcassets */ = {isa = PBXFileReference; lastKnownFileType = folder.assetcatalog; path = Assets.xcassets; sourceTree = "<group>"; };
		D466FD542AC258A500138D08 /* Base */ = {isa = PBXFileReference; lastKnownFileType = file.storyboard; name = Base; path = Base.lproj/LaunchScreen.storyboard; sourceTree = "<group>"; };
		D466FD562AC258A500138D08 /* Info.plist */ = {isa = PBXFileReference; lastKnownFileType = text.plist.xml; path = Info.plist; sourceTree = "<group>"; };
		D466FD5E2AC25C2100138D08 /* UIColor+Extensions.swift */ = {isa = PBXFileReference; lastKnownFileType = sourcecode.swift; path = "UIColor+Extensions.swift"; sourceTree = "<group>"; };
		D466FD622AC262A200138D08 /* SF-Pro-Display-Bold.otf */ = {isa = PBXFileReference; lastKnownFileType = file; path = "SF-Pro-Display-Bold.otf"; sourceTree = "<group>"; };
		D466FD632AC262A200138D08 /* SF-Pro-Display-Regular.otf */ = {isa = PBXFileReference; lastKnownFileType = file; path = "SF-Pro-Display-Regular.otf"; sourceTree = "<group>"; };
		D466FD642AC262B700138D08 /* SF-Pro-Display-Light.otf */ = {isa = PBXFileReference; lastKnownFileType = file; path = "SF-Pro-Display-Light.otf"; sourceTree = "<group>"; };
		D466FD682AC262E000138D08 /* UIFont+Extensions.swift */ = {isa = PBXFileReference; lastKnownFileType = sourcecode.swift; path = "UIFont+Extensions.swift"; sourceTree = "<group>"; };
		D466FD6B2AC2670B00138D08 /* ViewCode.swift */ = {isa = PBXFileReference; lastKnownFileType = sourcecode.swift; path = ViewCode.swift; sourceTree = "<group>"; };
		D466FD6E2AC269E700138D08 /* OnboardingView.swift */ = {isa = PBXFileReference; lastKnownFileType = sourcecode.swift; path = OnboardingView.swift; sourceTree = "<group>"; };
		D466FD702AC26A6F00138D08 /* UIImage+Extensions.swift */ = {isa = PBXFileReference; lastKnownFileType = sourcecode.swift; path = "UIImage+Extensions.swift"; sourceTree = "<group>"; };
		D466FD732AC26DD000138D08 /* CustomButton.swift */ = {isa = PBXFileReference; lastKnownFileType = sourcecode.swift; path = CustomButton.swift; sourceTree = "<group>"; };
		D466FD752AC2704D00138D08 /* UIStackView+Extensions.swift */ = {isa = PBXFileReference; lastKnownFileType = sourcecode.swift; path = "UIStackView+Extensions.swift"; sourceTree = "<group>"; };
		D487F7FD2AC2961200FBEAAE /* CharacterCell.swift */ = {isa = PBXFileReference; lastKnownFileType = sourcecode.swift; path = CharacterCell.swift; sourceTree = "<group>"; };
		D4D245332AC5D228000628AF /* CharacterListView.swift */ = {isa = PBXFileReference; lastKnownFileType = sourcecode.swift; path = CharacterListView.swift; sourceTree = "<group>"; };
		D4D245352AC5D753000628AF /* Character.swift */ = {isa = PBXFileReference; lastKnownFileType = sourcecode.swift; path = Character.swift; sourceTree = "<group>"; };
		D4D245372AC5DA5B000628AF /* CharacterListViewController.swift */ = {isa = PBXFileReference; lastKnownFileType = sourcecode.swift; path = CharacterListViewController.swift; sourceTree = "<group>"; };
		D4D2453C2AC73C29000628AF /* CharacterDetailsViewController.swift */ = {isa = PBXFileReference; lastKnownFileType = sourcecode.swift; path = CharacterDetailsViewController.swift; sourceTree = "<group>"; };
		D4D2453E2AD5BB05000628AF /* CharacterDetailsView.swift */ = {isa = PBXFileReference; lastKnownFileType = sourcecode.swift; path = CharacterDetailsView.swift; sourceTree = "<group>"; };
		D4D245402AD5D484000628AF /* BackButton.swift */ = {isa = PBXFileReference; lastKnownFileType = sourcecode.swift; path = BackButton.swift; sourceTree = "<group>"; };
		D4D245432AD71DC2000628AF /* AboutCell.swift */ = {isa = PBXFileReference; lastKnownFileType = sourcecode.swift; path = AboutCell.swift; sourceTree = "<group>"; };
		D4D245452AD71FAF000628AF /* CharacterAbout.swift */ = {isa = PBXFileReference; lastKnownFileType = sourcecode.swift; path = CharacterAbout.swift; sourceTree = "<group>"; };
		D4D245472AD7214C000628AF /* CharacterSection.swift */ = {isa = PBXFileReference; lastKnownFileType = sourcecode.swift; path = CharacterSection.swift; sourceTree = "<group>"; };
/* End PBXFileReference section */

/* Begin PBXFrameworksBuildPhase section */
		D466FD422AC258A400138D08 /* Frameworks */ = {
			isa = PBXFrameworksBuildPhase;
			buildActionMask = 2147483647;
			files = (
			);
			runOnlyForDeploymentPostprocessing = 0;
		};
/* End PBXFrameworksBuildPhase section */

/* Begin PBXGroup section */
		D466FD3C2AC258A400138D08 = {
			isa = PBXGroup;
			children = (
				D466FD472AC258A400138D08 /* rick-and-morty-characters */,
				D466FD462AC258A400138D08 /* Products */,
			);
			sourceTree = "<group>";
		};
		D466FD462AC258A400138D08 /* Products */ = {
			isa = PBXGroup;
			children = (
				D466FD452AC258A400138D08 /* rick-and-morty-characters.app */,
			);
			name = Products;
			sourceTree = "<group>";
		};
		D466FD472AC258A400138D08 /* rick-and-morty-characters */ = {
			isa = PBXGroup;
			children = (
				D466FD6D2AC2676000138D08 /* Features */,
				D466FD5C2AC25BD400138D08 /* Helpers */,
				D466FD612AC2626500138D08 /* Application */,
				D466FD512AC258A500138D08 /* Assets.xcassets */,
				D466FD532AC258A500138D08 /* LaunchScreen.storyboard */,
				D466FD562AC258A500138D08 /* Info.plist */,
			);
			path = "rick-and-morty-characters";
			sourceTree = "<group>";
		};
		D466FD5C2AC25BD400138D08 /* Helpers */ = {
			isa = PBXGroup;
			children = (
				D466FD722AC26D4900138D08 /* DesignsSystem */,
				D466FD6A2AC266CD00138D08 /* ViewCode */,
				D466FD5D2AC25C0300138D08 /* Extensions */,
			);
			path = Helpers;
			sourceTree = "<group>";
		};
		D466FD5D2AC25C0300138D08 /* Extensions */ = {
			isa = PBXGroup;
			children = (
				D466FD5E2AC25C2100138D08 /* UIColor+Extensions.swift */,
				D466FD682AC262E000138D08 /* UIFont+Extensions.swift */,
				D466FD702AC26A6F00138D08 /* UIImage+Extensions.swift */,
				D466FD752AC2704D00138D08 /* UIStackView+Extensions.swift */,
			);
			path = Extensions;
			sourceTree = "<group>";
		};
		D466FD602AC2625900138D08 /* Resources */ = {
			isa = PBXGroup;
			children = (
				D466FD642AC262B700138D08 /* SF-Pro-Display-Light.otf */,
				D466FD622AC262A200138D08 /* SF-Pro-Display-Bold.otf */,
				D466FD632AC262A200138D08 /* SF-Pro-Display-Regular.otf */,
			);
			path = Resources;
			sourceTree = "<group>";
		};
		D466FD612AC2626500138D08 /* Application */ = {
			isa = PBXGroup;
			children = (
				D466FD482AC258A400138D08 /* AppDelegate.swift */,
				D466FD4A2AC258A400138D08 /* SceneDelegate.swift */,
				D466FD602AC2625900138D08 /* Resources */,
			);
			path = Application;
			sourceTree = "<group>";
		};
		D466FD6A2AC266CD00138D08 /* ViewCode */ = {
			isa = PBXGroup;
			children = (
				D466FD6B2AC2670B00138D08 /* ViewCode.swift */,
			);
			path = ViewCode;
			sourceTree = "<group>";
		};
		D466FD6D2AC2676000138D08 /* Features */ = {
			isa = PBXGroup;
			children = (
				D4D245452AD71FAF000628AF /* CharacterAbout.swift */,
				D4D245352AC5D753000628AF /* Character.swift */,
				D4D2453B2AC73C04000628AF /* CharacterDetails */,
				D4D245322AC5C891000628AF /* CharactersList */,
				D4D245312AC5C882000628AF /* Onboarding */,
			);
			path = Features;
			sourceTree = "<group>";
		};
		D466FD722AC26D4900138D08 /* DesignsSystem */ = {
			isa = PBXGroup;
			children = (
				D466FD732AC26DD000138D08 /* CustomButton.swift */,
				D4D245402AD5D484000628AF /* BackButton.swift */,
			);
			path = DesignsSystem;
			sourceTree = "<group>";
		};
		D4D245312AC5C882000628AF /* Onboarding */ = {
			isa = PBXGroup;
			children = (
				D466FD4C2AC258A400138D08 /* OnboardingViewController.swift */,
				D466FD6E2AC269E700138D08 /* OnboardingView.swift */,
			);
			path = Onboarding;
			sourceTree = "<group>";
		};
		D4D245322AC5C891000628AF /* CharactersList */ = {
			isa = PBXGroup;
			children = (
				D487F7FD2AC2961200FBEAAE /* CharacterCell.swift */,
				D4D245332AC5D228000628AF /* CharacterListView.swift */,
				D4D245372AC5DA5B000628AF /* CharacterListViewController.swift */,
			);
			path = CharactersList;
			sourceTree = "<group>";
		};
		D4D2453B2AC73C04000628AF /* CharacterDetails */ = {
			isa = PBXGroup;
			children = (
				D4D245422AD71C56000628AF /* Cells */,
				D4D2453C2AC73C29000628AF /* CharacterDetailsViewController.swift */,
				D4D2453E2AD5BB05000628AF /* CharacterDetailsView.swift */,
				D4D245472AD7214C000628AF /* CharacterSection.swift */,
			);
			path = CharacterDetails;
			sourceTree = "<group>";
		};
		D4D245422AD71C56000628AF /* Cells */ = {
			isa = PBXGroup;
			children = (
				D4D245432AD71DC2000628AF /* AboutCell.swift */,
			);
			path = Cells;
			sourceTree = "<group>";
		};
/* End PBXGroup section */

/* Begin PBXNativeTarget section */
		D466FD442AC258A400138D08 /* rick-and-morty-characters */ = {
			isa = PBXNativeTarget;
			buildConfigurationList = D466FD592AC258A500138D08 /* Build configuration list for PBXNativeTarget "rick-and-morty-characters" */;
			buildPhases = (
				D466FD412AC258A400138D08 /* Sources */,
				D466FD422AC258A400138D08 /* Frameworks */,
				D466FD432AC258A400138D08 /* Resources */,
			);
			buildRules = (
			);
			dependencies = (
			);
			name = "rick-and-morty-characters";
			productName = "rick-and-morty-characters";
			productReference = D466FD452AC258A400138D08 /* rick-and-morty-characters.app */;
			productType = "com.apple.product-type.application";
		};
/* End PBXNativeTarget section */

/* Begin PBXProject section */
		D466FD3D2AC258A400138D08 /* Project object */ = {
			isa = PBXProject;
			attributes = {
				BuildIndependentTargetsInParallel = 1;
				LastSwiftUpdateCheck = 1430;
				LastUpgradeCheck = 1430;
				TargetAttributes = {
					D466FD442AC258A400138D08 = {
						CreatedOnToolsVersion = 14.3.1;
					};
				};
			};
			buildConfigurationList = D466FD402AC258A400138D08 /* Build configuration list for PBXProject "rick-and-morty-characters" */;
			compatibilityVersion = "Xcode 14.0";
			developmentRegion = en;
			hasScannedForEncodings = 0;
			knownRegions = (
				en,
				Base,
			);
			mainGroup = D466FD3C2AC258A400138D08;
			productRefGroup = D466FD462AC258A400138D08 /* Products */;
			projectDirPath = "";
			projectRoot = "";
			targets = (
				D466FD442AC258A400138D08 /* rick-and-morty-characters */,
			);
		};
/* End PBXProject section */

/* Begin PBXResourcesBuildPhase section */
		D466FD432AC258A400138D08 /* Resources */ = {
			isa = PBXResourcesBuildPhase;
			buildActionMask = 2147483647;
			files = (
				D466FD552AC258A500138D08 /* LaunchScreen.storyboard in Resources */,
				D466FD522AC258A500138D08 /* Assets.xcassets in Resources */,
				D466FD662AC262C400138D08 /* SF-Pro-Display-Bold.otf in Resources */,
				D466FD672AC262C600138D08 /* SF-Pro-Display-Regular.otf in Resources */,
				D466FD652AC262C200138D08 /* SF-Pro-Display-Light.otf in Resources */,
			);
			runOnlyForDeploymentPostprocessing = 0;
		};
/* End PBXResourcesBuildPhase section */

/* Begin PBXSourcesBuildPhase section */
		D466FD412AC258A400138D08 /* Sources */ = {
			isa = PBXSourcesBuildPhase;
			buildActionMask = 2147483647;
			files = (
				D466FD4D2AC258A400138D08 /* OnboardingViewController.swift in Sources */,
				D4D245462AD71FAF000628AF /* CharacterAbout.swift in Sources */,
				D4D245342AC5D228000628AF /* CharacterListView.swift in Sources */,
				D4D245482AD7214C000628AF /* CharacterSection.swift in Sources */,
				D4D2453D2AC73C29000628AF /* CharacterDetailsViewController.swift in Sources */,
				D4D2453F2AD5BB05000628AF /* CharacterDetailsView.swift in Sources */,
				D466FD492AC258A400138D08 /* AppDelegate.swift in Sources */,
				D466FD742AC26DD000138D08 /* CustomButton.swift in Sources */,
				D4D245412AD5D484000628AF /* BackButton.swift in Sources */,
				D466FD4B2AC258A400138D08 /* SceneDelegate.swift in Sources */,
				D466FD692AC262E000138D08 /* UIFont+Extensions.swift in Sources */,
				D487F7FE2AC2961200FBEAAE /* CharacterCell.swift in Sources */,
				D466FD5F2AC25C2100138D08 /* UIColor+Extensions.swift in Sources */,
				D4D245442AD71DC2000628AF /* AboutCell.swift in Sources */,
				D466FD6C2AC2670B00138D08 /* ViewCode.swift in Sources */,
				D466FD762AC2704D00138D08 /* UIStackView+Extensions.swift in Sources */,
				D4D245382AC5DA5B000628AF /* CharacterListViewController.swift in Sources */,
				D4D245362AC5D753000628AF /* Character.swift in Sources */,
				D466FD6F2AC269E700138D08 /* OnboardingView.swift in Sources */,
				D466FD712AC26A6F00138D08 /* UIImage+Extensions.swift in Sources */,
			);
			runOnlyForDeploymentPostprocessing = 0;
		};
/* End PBXSourcesBuildPhase section */

/* Begin PBXVariantGroup section */
		D466FD532AC258A500138D08 /* LaunchScreen.storyboard */ = {
			isa = PBXVariantGroup;
			children = (
				D466FD542AC258A500138D08 /* Base */,
			);
			name = LaunchScreen.storyboard;
			sourceTree = "<group>";
		};
/* End PBXVariantGroup section */

/* Begin XCBuildConfiguration section */
		D466FD572AC258A500138D08 /* Debug */ = {
			isa = XCBuildConfiguration;
			buildSettings = {
				ALWAYS_SEARCH_USER_PATHS = NO;
				CLANG_ANALYZER_NONNULL = YES;
				CLANG_ANALYZER_NUMBER_OBJECT_CONVERSION = YES_AGGRESSIVE;
				CLANG_CXX_LANGUAGE_STANDARD = "gnu++20";
				CLANG_ENABLE_MODULES = YES;
				CLANG_ENABLE_OBJC_ARC = YES;
				CLANG_ENABLE_OBJC_WEAK = YES;
				CLANG_WARN_BLOCK_CAPTURE_AUTORELEASING = YES;
				CLANG_WARN_BOOL_CONVERSION = YES;
				CLANG_WARN_COMMA = YES;
				CLANG_WARN_CONSTANT_CONVERSION = YES;
				CLANG_WARN_DEPRECATED_OBJC_IMPLEMENTATIONS = YES;
				CLANG_WARN_DIRECT_OBJC_ISA_USAGE = YES_ERROR;
				CLANG_WARN_DOCUMENTATION_COMMENTS = YES;
				CLANG_WARN_EMPTY_BODY = YES;
				CLANG_WARN_ENUM_CONVERSION = YES;
				CLANG_WARN_INFINITE_RECURSION = YES;
				CLANG_WARN_INT_CONVERSION = YES;
				CLANG_WARN_NON_LITERAL_NULL_CONVERSION = YES;
				CLANG_WARN_OBJC_IMPLICIT_RETAIN_SELF = YES;
				CLANG_WARN_OBJC_LITERAL_CONVERSION = YES;
				CLANG_WARN_OBJC_ROOT_CLASS = YES_ERROR;
				CLANG_WARN_QUOTED_INCLUDE_IN_FRAMEWORK_HEADER = YES;
				CLANG_WARN_RANGE_LOOP_ANALYSIS = YES;
				CLANG_WARN_STRICT_PROTOTYPES = YES;
				CLANG_WARN_SUSPICIOUS_MOVE = YES;
				CLANG_WARN_UNGUARDED_AVAILABILITY = YES_AGGRESSIVE;
				CLANG_WARN_UNREACHABLE_CODE = YES;
				CLANG_WARN__DUPLICATE_METHOD_MATCH = YES;
				COPY_PHASE_STRIP = NO;
				DEBUG_INFORMATION_FORMAT = dwarf;
				ENABLE_STRICT_OBJC_MSGSEND = YES;
				ENABLE_TESTABILITY = YES;
				GCC_C_LANGUAGE_STANDARD = gnu11;
				GCC_DYNAMIC_NO_PIC = NO;
				GCC_NO_COMMON_BLOCKS = YES;
				GCC_OPTIMIZATION_LEVEL = 0;
				GCC_PREPROCESSOR_DEFINITIONS = (
					"DEBUG=1",
					"$(inherited)",
				);
				GCC_WARN_64_TO_32_BIT_CONVERSION = YES;
				GCC_WARN_ABOUT_RETURN_TYPE = YES_ERROR;
				GCC_WARN_UNDECLARED_SELECTOR = YES;
				GCC_WARN_UNINITIALIZED_AUTOS = YES_AGGRESSIVE;
				GCC_WARN_UNUSED_FUNCTION = YES;
				GCC_WARN_UNUSED_VARIABLE = YES;
				IPHONEOS_DEPLOYMENT_TARGET = 16.4;
				MTL_ENABLE_DEBUG_INFO = INCLUDE_SOURCE;
				MTL_FAST_MATH = YES;
				ONLY_ACTIVE_ARCH = YES;
				SDKROOT = iphoneos;
				SWIFT_ACTIVE_COMPILATION_CONDITIONS = DEBUG;
				SWIFT_OPTIMIZATION_LEVEL = "-Onone";
			};
			name = Debug;
		};
		D466FD582AC258A500138D08 /* Release */ = {
			isa = XCBuildConfiguration;
			buildSettings = {
				ALWAYS_SEARCH_USER_PATHS = NO;
				CLANG_ANALYZER_NONNULL = YES;
				CLANG_ANALYZER_NUMBER_OBJECT_CONVERSION = YES_AGGRESSIVE;
				CLANG_CXX_LANGUAGE_STANDARD = "gnu++20";
				CLANG_ENABLE_MODULES = YES;
				CLANG_ENABLE_OBJC_ARC = YES;
				CLANG_ENABLE_OBJC_WEAK = YES;
				CLANG_WARN_BLOCK_CAPTURE_AUTORELEASING = YES;
				CLANG_WARN_BOOL_CONVERSION = YES;
				CLANG_WARN_COMMA = YES;
				CLANG_WARN_CONSTANT_CONVERSION = YES;
				CLANG_WARN_DEPRECATED_OBJC_IMPLEMENTATIONS = YES;
				CLANG_WARN_DIRECT_OBJC_ISA_USAGE = YES_ERROR;
				CLANG_WARN_DOCUMENTATION_COMMENTS = YES;
				CLANG_WARN_EMPTY_BODY = YES;
				CLANG_WARN_ENUM_CONVERSION = YES;
				CLANG_WARN_INFINITE_RECURSION = YES;
				CLANG_WARN_INT_CONVERSION = YES;
				CLANG_WARN_NON_LITERAL_NULL_CONVERSION = YES;
				CLANG_WARN_OBJC_IMPLICIT_RETAIN_SELF = YES;
				CLANG_WARN_OBJC_LITERAL_CONVERSION = YES;
				CLANG_WARN_OBJC_ROOT_CLASS = YES_ERROR;
				CLANG_WARN_QUOTED_INCLUDE_IN_FRAMEWORK_HEADER = YES;
				CLANG_WARN_RANGE_LOOP_ANALYSIS = YES;
				CLANG_WARN_STRICT_PROTOTYPES = YES;
				CLANG_WARN_SUSPICIOUS_MOVE = YES;
				CLANG_WARN_UNGUARDED_AVAILABILITY = YES_AGGRESSIVE;
				CLANG_WARN_UNREACHABLE_CODE = YES;
				CLANG_WARN__DUPLICATE_METHOD_MATCH = YES;
				COPY_PHASE_STRIP = NO;
				DEBUG_INFORMATION_FORMAT = "dwarf-with-dsym";
				ENABLE_NS_ASSERTIONS = NO;
				ENABLE_STRICT_OBJC_MSGSEND = YES;
				GCC_C_LANGUAGE_STANDARD = gnu11;
				GCC_NO_COMMON_BLOCKS = YES;
				GCC_WARN_64_TO_32_BIT_CONVERSION = YES;
				GCC_WARN_ABOUT_RETURN_TYPE = YES_ERROR;
				GCC_WARN_UNDECLARED_SELECTOR = YES;
				GCC_WARN_UNINITIALIZED_AUTOS = YES_AGGRESSIVE;
				GCC_WARN_UNUSED_FUNCTION = YES;
				GCC_WARN_UNUSED_VARIABLE = YES;
				IPHONEOS_DEPLOYMENT_TARGET = 16.4;
				MTL_ENABLE_DEBUG_INFO = NO;
				MTL_FAST_MATH = YES;
				SDKROOT = iphoneos;
				SWIFT_COMPILATION_MODE = wholemodule;
				SWIFT_OPTIMIZATION_LEVEL = "-O";
				VALIDATE_PRODUCT = YES;
			};
			name = Release;
		};
		D466FD5A2AC258A500138D08 /* Debug */ = {
			isa = XCBuildConfiguration;
			buildSettings = {
				ASSETCATALOG_COMPILER_APPICON_NAME = AppIcon;
				ASSETCATALOG_COMPILER_GLOBAL_ACCENT_COLOR_NAME = AccentColor;
				CODE_SIGN_STYLE = Automatic;
				CURRENT_PROJECT_VERSION = 1;
				GENERATE_INFOPLIST_FILE = YES;
				INFOPLIST_FILE = "rick-and-morty-characters/Info.plist";
				INFOPLIST_KEY_UIApplicationSupportsIndirectInputEvents = YES;
				INFOPLIST_KEY_UILaunchStoryboardName = LaunchScreen;
				INFOPLIST_KEY_UIMainStoryboardFile = "";
				INFOPLIST_KEY_UISupportedInterfaceOrientations_iPad = "UIInterfaceOrientationPortrait UIInterfaceOrientationPortraitUpsideDown UIInterfaceOrientationLandscapeLeft UIInterfaceOrientationLandscapeRight";
				INFOPLIST_KEY_UISupportedInterfaceOrientations_iPhone = "UIInterfaceOrientationPortrait UIInterfaceOrientationLandscapeLeft UIInterfaceOrientationLandscapeRight";
				LD_RUNPATH_SEARCH_PATHS = (
					"$(inherited)",
					"@executable_path/Frameworks",
				);
				MARKETING_VERSION = 1.0;
				PRODUCT_BUNDLE_IDENTIFIER = "hellencaroline.rick-and-morty-characters";
				PRODUCT_NAME = "$(TARGET_NAME)";
				SWIFT_EMIT_LOC_STRINGS = YES;
				SWIFT_VERSION = 5.0;
				TARGETED_DEVICE_FAMILY = "1,2";
			};
			name = Debug;
		};
		D466FD5B2AC258A500138D08 /* Release */ = {
			isa = XCBuildConfiguration;
			buildSettings = {
				ASSETCATALOG_COMPILER_APPICON_NAME = AppIcon;
				ASSETCATALOG_COMPILER_GLOBAL_ACCENT_COLOR_NAME = AccentColor;
				CODE_SIGN_STYLE = Automatic;
				CURRENT_PROJECT_VERSION = 1;
				GENERATE_INFOPLIST_FILE = YES;
				INFOPLIST_FILE = "rick-and-morty-characters/Info.plist";
				INFOPLIST_KEY_UIApplicationSupportsIndirectInputEvents = YES;
				INFOPLIST_KEY_UILaunchStoryboardName = LaunchScreen;
				INFOPLIST_KEY_UIMainStoryboardFile = "";
				INFOPLIST_KEY_UISupportedInterfaceOrientations_iPad = "UIInterfaceOrientationPortrait UIInterfaceOrientationPortraitUpsideDown UIInterfaceOrientationLandscapeLeft UIInterfaceOrientationLandscapeRight";
				INFOPLIST_KEY_UISupportedInterfaceOrientations_iPhone = "UIInterfaceOrientationPortrait UIInterfaceOrientationLandscapeLeft UIInterfaceOrientationLandscapeRight";
				LD_RUNPATH_SEARCH_PATHS = (
					"$(inherited)",
					"@executable_path/Frameworks",
				);
				MARKETING_VERSION = 1.0;
				PRODUCT_BUNDLE_IDENTIFIER = "hellencaroline.rick-and-morty-characters";
				PRODUCT_NAME = "$(TARGET_NAME)";
				SWIFT_EMIT_LOC_STRINGS = YES;
				SWIFT_VERSION = 5.0;
				TARGETED_DEVICE_FAMILY = "1,2";
			};
			name = Release;
		};
/* End XCBuildConfiguration section */

/* Begin XCConfigurationList section */
		D466FD402AC258A400138D08 /* Build configuration list for PBXProject "rick-and-morty-characters" */ = {
			isa = XCConfigurationList;
			buildConfigurations = (
				D466FD572AC258A500138D08 /* Debug */,
				D466FD582AC258A500138D08 /* Release */,
			);
			defaultConfigurationIsVisible = 0;
			defaultConfigurationName = Release;
		};
		D466FD592AC258A500138D08 /* Build configuration list for PBXNativeTarget "rick-and-morty-characters" */ = {
			isa = XCConfigurationList;
			buildConfigurations = (
				D466FD5A2AC258A500138D08 /* Debug */,
				D466FD5B2AC258A500138D08 /* Release */,
			);
			defaultConfigurationIsVisible = 0;
			defaultConfigurationName = Release;
		};
/* End XCConfigurationList section */
	};
	rootObject = D466FD3D2AC258A400138D08 /* Project object */;
}
